// !$*UTF8*$!
{
	archiveVersion = 1;
	classes = {
	};
	objectVersion = 50;
	objects = {

/* Begin PBXBuildFile section */
		471E92C923F60869008F48BA /* Mobile.swift in Sources */ = {isa = PBXBuildFile; fileRef = 471E92C823F60869008F48BA /* Mobile.swift */; };
		471E92CD23F61131008F48BA /* Internet.swift in Sources */ = {isa = PBXBuildFile; fileRef = 471E92CC23F61131008F48BA /* Internet.swift */; };
		471E92CF23F61183008F48BA /* Hydro.swift in Sources */ = {isa = PBXBuildFile; fileRef = 471E92CE23F61183008F48BA /* Hydro.swift */; };
		471E92D123F61259008F48BA /* IDisplay.swift in Sources */ = {isa = PBXBuildFile; fileRef = 471E92D023F61259008F48BA /* IDisplay.swift */; };
		471E92D323F613B2008F48BA /* Customer.swift in Sources */ = {isa = PBXBuildFile; fileRef = 471E92D223F613B2008F48BA /* Customer.swift */; };
		471E92D523F63768008F48BA /* CalculateBill.swift in Sources */ = {isa = PBXBuildFile; fileRef = 471E92D423F63768008F48BA /* CalculateBill.swift */; };
		4736928823F747A9002886E5 /* Extension.swift in Sources */ = {isa = PBXBuildFile; fileRef = 4736928723F747A9002886E5 /* Extension.swift */; };
		47EDC9F323F509DD007AED96 /* main.swift in Sources */ = {isa = PBXBuildFile; fileRef = 47EDC9F223F509DD007AED96 /* main.swift */; };
		47EDC9FA23F50AC0007AED96 /* Bill.swift in Sources */ = {isa = PBXBuildFile; fileRef = 47EDC9F923F50AC0007AED96 /* Bill.swift */; };
/* End PBXBuildFile section */

/* Begin PBXCopyFilesBuildPhase section */
		47EDC9ED23F509DD007AED96 /* CopyFiles */ = {
			isa = PBXCopyFilesBuildPhase;
			buildActionMask = 2147483647;
			dstPath = /usr/share/man/man1/;
			dstSubfolderSpec = 0;
			files = (
			);
			runOnlyForDeploymentPostprocessing = 1;
		};
/* End PBXCopyFilesBuildPhase section */

/* Begin PBXFileReference section */
		471E92C823F60869008F48BA /* Mobile.swift */ = {isa = PBXFileReference; lastKnownFileType = sourcecode.swift; path = Mobile.swift; sourceTree = "<group>"; };
		471E92CC23F61131008F48BA /* Internet.swift */ = {isa = PBXFileReference; lastKnownFileType = sourcecode.swift; path = Internet.swift; sourceTree = "<group>"; };
		471E92CE23F61183008F48BA /* Hydro.swift */ = {isa = PBXFileReference; lastKnownFileType = sourcecode.swift; path = Hydro.swift; sourceTree = "<group>"; };
		471E92D023F61259008F48BA /* IDisplay.swift */ = {isa = PBXFileReference; lastKnownFileType = sourcecode.swift; path = IDisplay.swift; sourceTree = "<group>"; };
		471E92D223F613B2008F48BA /* Customer.swift */ = {isa = PBXFileReference; lastKnownFileType = sourcecode.swift; path = Customer.swift; sourceTree = "<group>"; };
		471E92D423F63768008F48BA /* CalculateBill.swift */ = {isa = PBXFileReference; lastKnownFileType = sourcecode.swift; path = CalculateBill.swift; sourceTree = "<group>"; };
		4736928723F747A9002886E5 /* Extension.swift */ = {isa = PBXFileReference; lastKnownFileType = sourcecode.swift; path = Extension.swift; sourceTree = "<group>"; };
		47EDC9EF23F509DD007AED96 /* C0772788_W2020_MID_TERM_MAD3004 */ = {isa = PBXFileReference; explicitFileType = "compiled.mach-o.executable"; includeInIndex = 0; path = C0772788_W2020_MID_TERM_MAD3004; sourceTree = BUILT_PRODUCTS_DIR; };
		47EDC9F223F509DD007AED96 /* main.swift */ = {isa = PBXFileReference; lastKnownFileType = sourcecode.swift; path = main.swift; sourceTree = "<group>"; };
		47EDC9F923F50AC0007AED96 /* Bill.swift */ = {isa = PBXFileReference; lastKnownFileType = sourcecode.swift; path = Bill.swift; sourceTree = "<group>"; };
/* End PBXFileReference section */

/* Begin PBXFrameworksBuildPhase section */
		47EDC9EC23F509DD007AED96 /* Frameworks */ = {
			isa = PBXFrameworksBuildPhase;
			buildActionMask = 2147483647;
			files = (
			);
			runOnlyForDeploymentPostprocessing = 0;
		};
/* End PBXFrameworksBuildPhase section */

/* Begin PBXGroup section */
		47EDC9E623F509DD007AED96 = {
			isa = PBXGroup;
			children = (
				47EDC9F123F509DD007AED96 /* C0772788_W2020_MID_TERM_MAD3004 */,
				47EDC9F023F509DD007AED96 /* Products */,
			);
			sourceTree = "<group>";
		};
		47EDC9F023F509DD007AED96 /* Products */ = {
			isa = PBXGroup;
			children = (
				47EDC9EF23F509DD007AED96 /* C0772788_W2020_MID_TERM_MAD3004 */,
			);
			name = Products;
			sourceTree = "<group>";
		};
		47EDC9F123F509DD007AED96 /* C0772788_W2020_MID_TERM_MAD3004 */ = {
			isa = PBXGroup;
			children = (
				47EDC9F223F509DD007AED96 /* main.swift */,
				47EDC9F923F50AC0007AED96 /* Bill.swift */,
				471E92C823F60869008F48BA /* Mobile.swift */,
				471E92CC23F61131008F48BA /* Internet.swift */,
				471E92CE23F61183008F48BA /* Hydro.swift */,
				471E92D023F61259008F48BA /* IDisplay.swift */,
				471E92D223F613B2008F48BA /* Customer.swift */,
				471E92D423F63768008F48BA /* CalculateBill.swift */,
				4736928723F747A9002886E5 /* Extension.swift */,
			);
			path = C0772788_W2020_MID_TERM_MAD3004;
			sourceTree = "<group>";
		};
/* End PBXGroup section */

/* Begin PBXNativeTarget section */
		47EDC9EE23F509DD007AED96 /* C0772788_W2020_MID_TERM_MAD3004 */ = {
			isa = PBXNativeTarget;
			buildConfigurationList = 47EDC9F623F509DD007AED96 /* Build configuration list for PBXNativeTarget "C0772788_W2020_MID_TERM_MAD3004" */;
			buildPhases = (
				47EDC9EB23F509DD007AED96 /* Sources */,
				47EDC9EC23F509DD007AED96 /* Frameworks */,
				47EDC9ED23F509DD007AED96 /* CopyFiles */,
			);
			buildRules = (
			);
			dependencies = (
			);
			name = C0772788_W2020_MID_TERM_MAD3004;
			productName = C0772788_W2020_MID_TERM_MAD3004;
			productReference = 47EDC9EF23F509DD007AED96 /* C0772788_W2020_MID_TERM_MAD3004 */;
			productType = "com.apple.product-type.tool";
		};
/* End PBXNativeTarget section */

/* Begin PBXProject section */
		47EDC9E723F509DD007AED96 /* Project object */ = {
			isa = PBXProject;
			attributes = {
				LastSwiftUpdateCheck = 1130;
				LastUpgradeCheck = 1130;
				ORGANIZATIONNAME = "Avani Patel";
				TargetAttributes = {
					47EDC9EE23F509DD007AED96 = {
						CreatedOnToolsVersion = 11.3.1;
					};
				};
			};
			buildConfigurationList = 47EDC9EA23F509DD007AED96 /* Build configuration list for PBXProject "C0772788_W2020_MID_TERM_MAD3004" */;
			compatibilityVersion = "Xcode 9.3";
			developmentRegion = en;
			hasScannedForEncodings = 0;
			knownRegions = (
				en,
				Base,
			);
			mainGroup = 47EDC9E623F509DD007AED96;
			productRefGroup = 47EDC9F023F509DD007AED96 /* Products */;
			projectDirPath = "";
			projectRoot = "";
			targets = (
				47EDC9EE23F509DD007AED96 /* C0772788_W2020_MID_TERM_MAD3004 */,
			);
		};
/* End PBXProject section */

/* Begin PBXSourcesBuildPhase section */
		47EDC9EB23F509DD007AED96 /* Sources */ = {
			isa = PBXSourcesBuildPhase;
			buildActionMask = 2147483647;
			files = (
				471E92CF23F61183008F48BA /* Hydro.swift in Sources */,
				471E92D323F613B2008F48BA /* Customer.swift in Sources */,
				47EDC9FA23F50AC0007AED96 /* Bill.swift in Sources */,
				4736928823F747A9002886E5 /* Extension.swift in Sources */,
				471E92D123F61259008F48BA /* IDisplay.swift in Sources */,
				47EDC9F323F509DD007AED96 /* main.swift in Sources */,
				471E92CD23F61131008F48BA /* Internet.swift in Sources */,
				471E92C923F60869008F48BA /* Mobile.swift in Sources */,
				471E92D523F63768008F48BA /* CalculateBill.swift in Sources */,
			);
			runOnlyForDeploymentPostprocessing = 0;
		};
/* End PBXSourcesBuildPhase section */

/* Begin XCBuildConfiguration section */
		47EDC9F423F509DD007AED96 /* Debug */ = {
			isa = XCBuildConfiguration;
			buildSettings = {
				ALWAYS_SEARCH_USER_PATHS = NO;
				CLANG_ANALYZER_NONNULL = YES;
				CLANG_ANALYZER_NUMBER_OBJECT_CONVERSION = YES_AGGRESSIVE;
				CLANG_CXX_LANGUAGE_STANDARD = "gnu++14";
				CLANG_CXX_LIBRARY = "libc++";
				CLANG_ENABLE_MODULES = YES;
				CLANG_ENABLE_OBJC_ARC = YES;
				CLANG_ENABLE_OBJC_WEAK = YES;
				CLANG_WARN_BLOCK_CAPTURE_AUTORELEASING = YES;
				CLANG_WARN_BOOL_CONVERSION = YES;
				CLANG_WARN_COMMA = YES;
				CLANG_WARN_CONSTANT_CONVERSION = YES;
				CLANG_WARN_DEPRECATED_OBJC_IMPLEMENTATIONS = YES;
				CLANG_WARN_DIRECT_OBJC_ISA_USAGE = YES_ERROR;
				CLANG_WARN_DOCUMENTATION_COMMENTS = YES;
				CLANG_WARN_EMPTY_BODY = YES;
				CLANG_WARN_ENUM_CONVERSION = YES;
				CLANG_WARN_INFINITE_RECURSION = YES;
				CLANG_WARN_INT_CONVERSION = YES;
				CLANG_WARN_NON_LITERAL_NULL_CONVERSION = YES;
				CLANG_WARN_OBJC_IMPLICIT_RETAIN_SELF = YES;
				CLANG_WARN_OBJC_LITERAL_CONVERSION = YES;
				CLANG_WARN_OBJC_ROOT_CLASS = YES_ERROR;
				CLANG_WARN_RANGE_LOOP_ANALYSIS = YES;
				CLANG_WARN_STRICT_PROTOTYPES = YES;
				CLANG_WARN_SUSPICIOUS_MOVE = YES;
				CLANG_WARN_UNGUARDED_AVAILABILITY = YES_AGGRESSIVE;
				CLANG_WARN_UNREACHABLE_CODE = YES;
				CLANG_WARN__DUPLICATE_METHOD_MATCH = YES;
				COPY_PHASE_STRIP = NO;
				DEBUG_INFORMATION_FORMAT = dwarf;
				ENABLE_STRICT_OBJC_MSGSEND = YES;
				ENABLE_TESTABILITY = YES;
				GCC_C_LANGUAGE_STANDARD = gnu11;
				GCC_DYNAMIC_NO_PIC = NO;
				GCC_NO_COMMON_BLOCKS = YES;
				GCC_OPTIMIZATION_LEVEL = 0;
				GCC_PREPROCESSOR_DEFINITIONS = (
					"DEBUG=1",
					"$(inherited)",
				);
				GCC_WARN_64_TO_32_BIT_CONVERSION = YES;
				GCC_WARN_ABOUT_RETURN_TYPE = YES_ERROR;
				GCC_WARN_UNDECLARED_SELECTOR = YES;
				GCC_WARN_UNINITIALIZED_AUTOS = YES_AGGRESSIVE;
				GCC_WARN_UNUSED_FUNCTION = YES;
				GCC_WARN_UNUSED_VARIABLE = YES;
				MACOSX_DEPLOYMENT_TARGET = 10.15;
				MTL_ENABLE_DEBUG_INFO = INCLUDE_SOURCE;
				MTL_FAST_MATH = YES;
				ONLY_ACTIVE_ARCH = YES;
				SDKROOT = macosx;
				SWIFT_ACTIVE_COMPILATION_CONDITIONS = DEBUG;
				SWIFT_OPTIMIZATION_LEVEL = "-Onone";
			};
			name = Debug;
		};
		47EDC9F523F509DD007AED96 /* Release */ = {
			isa = XCBuildConfiguration;
			buildSettings = {
				ALWAYS_SEARCH_USER_PATHS = NO;
				CLANG_ANALYZER_NONNULL = YES;
				CLANG_ANALYZER_NUMBER_OBJECT_CONVERSION = YES_AGGRESSIVE;
				CLANG_CXX_LANGUAGE_STANDARD = "gnu++14";
				CLANG_CXX_LIBRARY = "libc++";
				CLANG_ENABLE_MODULES = YES;
				CLANG_ENABLE_OBJC_ARC = YES;
				CLANG_ENABLE_OBJC_WEAK = YES;
				CLANG_WARN_BLOCK_CAPTURE_AUTORELEASING = YES;
				CLANG_WARN_BOOL_CONVERSION = YES;
				CLANG_WARN_COMMA = YES;
				CLANG_WARN_CONSTANT_CONVERSION = YES;
				CLANG_WARN_DEPRECATED_OBJC_IMPLEMENTATIONS = YES;
				CLANG_WARN_DIRECT_OBJC_ISA_USAGE = YES_ERROR;
				CLANG_WARN_DOCUMENTATION_COMMENTS = YES;
				CLANG_WARN_EMPTY_BODY = YES;
				CLANG_WARN_ENUM_CONVERSION = YES;
				CLANG_WARN_INFINITE_RECURSION = YES;
				CLANG_WARN_INT_CONVERSION = YES;
				CLANG_WARN_NON_LITERAL_NULL_CONVERSION = YES;
				CLANG_WARN_OBJC_IMPLICIT_RETAIN_SELF = YES;
				CLANG_WARN_OBJC_LITERAL_CONVERSION = YES;
				CLANG_WARN_OBJC_ROOT_CLASS = YES_ERROR;
				CLANG_WARN_RANGE_LOOP_ANALYSIS = YES;
				CLANG_WARN_STRICT_PROTOTYPES = YES;
				CLANG_WARN_SUSPICIOUS_MOVE = YES;
				CLANG_WARN_UNGUARDED_AVAILABILITY = YES_AGGRESSIVE;
				CLANG_WARN_UNREACHABLE_CODE = YES;
				CLANG_WARN__DUPLICATE_METHOD_MATCH = YES;
				COPY_PHASE_STRIP = NO;
				DEBUG_INFORMATION_FORMAT = "dwarf-with-dsym";
				ENABLE_NS_ASSERTIONS = NO;
				ENABLE_STRICT_OBJC_MSGSEND = YES;
				GCC_C_LANGUAGE_STANDARD = gnu11;
				GCC_NO_COMMON_BLOCKS = YES;
				GCC_WARN_64_TO_32_BIT_CONVERSION = YES;
				GCC_WARN_ABOUT_RETURN_TYPE = YES_ERROR;
				GCC_WARN_UNDECLARED_SELECTOR = YES;
				GCC_WARN_UNINITIALIZED_AUTOS = YES_AGGRESSIVE;
				GCC_WARN_UNUSED_FUNCTION = YES;
				GCC_WARN_UNUSED_VARIABLE = YES;
				MACOSX_DEPLOYMENT_TARGET = 10.15;
				MTL_ENABLE_DEBUG_INFO = NO;
				MTL_FAST_MATH = YES;
				SDKROOT = macosx;
				SWIFT_COMPILATION_MODE = wholemodule;
				SWIFT_OPTIMIZATION_LEVEL = "-O";
			};
			name = Release;
		};
		47EDC9F723F509DD007AED96 /* Debug */ = {
			isa = XCBuildConfiguration;
			buildSettings = {
				CODE_SIGN_STYLE = Automatic;
				PRODUCT_NAME = "$(TARGET_NAME)";
				SWIFT_VERSION = 5.0;
			};
			name = Debug;
		};
		47EDC9F823F509DD007AED96 /* Release */ = {
			isa = XCBuildConfiguration;
			buildSettings = {
				CODE_SIGN_STYLE = Automatic;
				PRODUCT_NAME = "$(TARGET_NAME)";
				SWIFT_VERSION = 5.0;
			};
			name = Release;
		};
/* End XCBuildConfiguration section */

/* Begin XCConfigurationList section */
		47EDC9EA23F509DD007AED96 /* Build configuration list for PBXProject "C0772788_W2020_MID_TERM_MAD3004" */ = {
			isa = XCConfigurationList;
			buildConfigurations = (
				47EDC9F423F509DD007AED96 /* Debug */,
				47EDC9F523F509DD007AED96 /* Release */,
			);
			defaultConfigurationIsVisible = 0;
			defaultConfigurationName = Release;
		};
		47EDC9F623F509DD007AED96 /* Build configuration list for PBXNativeTarget "C0772788_W2020_MID_TERM_MAD3004" */ = {
			isa = XCConfigurationList;
			buildConfigurations = (
				47EDC9F723F509DD007AED96 /* Debug */,
				47EDC9F823F509DD007AED96 /* Release */,
			);
			defaultConfigurationIsVisible = 0;
			defaultConfigurationName = Release;
		};
/* End XCConfigurationList section */
	};
	rootObject = 47EDC9E723F509DD007AED96 /* Project object */;
}
